
Microsoft Visual Studio Solution File, Format Version 12.00
# Visual Studio 15
VisualStudioVersion = 15.0.27130.2020
MinimumVisualStudioVersion = 10.0.40219.1
Project("{2150E333-8FDC-42A3-9474-1A3956D46DE8}") = "NATS.Client", "NATS.Client", "{79C0CA09-EDEA-48AE-AE16-CE999EF23DBA}"
EndProject
Project("{2150E333-8FDC-42A3-9474-1A3956D46DE8}") = "Solution Items", "Solution Items", "{406BCA38-E50C-4579-84EB-D9D1D7B7087E}"
	ProjectSection(SolutionItems) = preProject
		global.json = global.json
	EndProjectSection
EndProject
Project("{2150E333-8FDC-42A3-9474-1A3956D46DE8}") = "Examples", "Examples", "{99FA97B4-8971-4B53-9479-DAD8F8447D4F}"
EndProject
Project("{9A19103F-16F7-4668-BE54-9A1E7A4F7556}") = "Benchmark", "examples\Benchmark\Benchmark.csproj", "{66410A19-ADE1-4709-B085-23526B87B787}"
EndProject
Project("{9A19103F-16F7-4668-BE54-9A1E7A4F7556}") = "NATS.Client", "NATS.Client\NATS.Client.csproj", "{AA51876D-3944-4B60-86C6-2AE6AE9B3E22}"
EndProject
Project("{9A19103F-16F7-4668-BE54-9A1E7A4F7556}") = "NATSUnitTests", "NATSUnitTests\NATSUnitTests.csproj", "{381E8178-E844-45A7-ADCF-CA522EA98A07}"
EndProject
Project("{9A19103F-16F7-4668-BE54-9A1E7A4F7556}") = "QueueGroup", "examples\QueueGroup\QueueGroup.csproj", "{1CE4CF47-B647-49F7-9D4E-5117395C8D22}"
EndProject
Project("{9A19103F-16F7-4668-BE54-9A1E7A4F7556}") = "Replier", "examples\Replier\Replier.csproj", "{9A4A449F-2F30-497D-ACD2-FE13BAF86057}"
EndProject
Project("{9A19103F-16F7-4668-BE54-9A1E7A4F7556}") = "Requestor", "examples\Requestor\Requestor.csproj", "{925F9CF6-A432-4592-B741-A6E89F868D0B}"
EndProject
Project("{9A19103F-16F7-4668-BE54-9A1E7A4F7556}") = "Subscribe", "examples\Subscribe\Subscribe.csproj", "{1DE0E1B8-E8F0-4290-8B2C-2A0787BC91CC}"
EndProject
Project("{9A19103F-16F7-4668-BE54-9A1E7A4F7556}") = "Publish", "examples\Publish\Publish.csproj", "{E4BBB7EA-0A5C-4867-835C-F3C213E3AC0E}"
EndProject
Global
	GlobalSection(SolutionConfigurationPlatforms) = preSolution
		Debug|Any CPU = Debug|Any CPU
		Release|Any CPU = Release|Any CPU
	EndGlobalSection
	GlobalSection(ProjectConfigurationPlatforms) = postSolution
		{66410A19-ADE1-4709-B085-23526B87B787}.Debug|Any CPU.ActiveCfg = Debug|Any CPU
		{66410A19-ADE1-4709-B085-23526B87B787}.Debug|Any CPU.Build.0 = Debug|Any CPU
		{66410A19-ADE1-4709-B085-23526B87B787}.Release|Any CPU.ActiveCfg = Release|Any CPU
		{66410A19-ADE1-4709-B085-23526B87B787}.Release|Any CPU.Build.0 = Release|Any CPU
		{AA51876D-3944-4B60-86C6-2AE6AE9B3E22}.Debug|Any CPU.ActiveCfg = Debug|Any CPU
		{AA51876D-3944-4B60-86C6-2AE6AE9B3E22}.Debug|Any CPU.Build.0 = Debug|Any CPU
		{AA51876D-3944-4B60-86C6-2AE6AE9B3E22}.Release|Any CPU.ActiveCfg = Release|Any CPU
		{AA51876D-3944-4B60-86C6-2AE6AE9B3E22}.Release|Any CPU.Build.0 = Release|Any CPU
		{381E8178-E844-45A7-ADCF-CA522EA98A07}.Debug|Any CPU.ActiveCfg = Debug|Any CPU
		{381E8178-E844-45A7-ADCF-CA522EA98A07}.Debug|Any CPU.Build.0 = Debug|Any CPU
		{381E8178-E844-45A7-ADCF-CA522EA98A07}.Release|Any CPU.ActiveCfg = Release|Any CPU
		{381E8178-E844-45A7-ADCF-CA522EA98A07}.Release|Any CPU.Build.0 = Release|Any CPU
		{1CE4CF47-B647-49F7-9D4E-5117395C8D22}.Debug|Any CPU.ActiveCfg = Debug|Any CPU
		{1CE4CF47-B647-49F7-9D4E-5117395C8D22}.Debug|Any CPU.Build.0 = Debug|Any CPU
		{1CE4CF47-B647-49F7-9D4E-5117395C8D22}.Release|Any CPU.ActiveCfg = Release|Any CPU
		{1CE4CF47-B647-49F7-9D4E-5117395C8D22}.Release|Any CPU.Build.0 = Release|Any CPU
		{9A4A449F-2F30-497D-ACD2-FE13BAF86057}.Debug|Any CPU.ActiveCfg = Debug|Any CPU
		{9A4A449F-2F30-497D-ACD2-FE13BAF86057}.Debug|Any CPU.Build.0 = Debug|Any CPU
		{9A4A449F-2F30-497D-ACD2-FE13BAF86057}.Release|Any CPU.ActiveCfg = Release|Any CPU
		{9A4A449F-2F30-497D-ACD2-FE13BAF86057}.Release|Any CPU.Build.0 = Release|Any CPU
		{925F9CF6-A432-4592-B741-A6E89F868D0B}.Debug|Any CPU.ActiveCfg = Debug|Any CPU
		{925F9CF6-A432-4592-B741-A6E89F868D0B}.Debug|Any CPU.Build.0 = Debug|Any CPU
		{925F9CF6-A432-4592-B741-A6E89F868D0B}.Release|Any CPU.ActiveCfg = Release|Any CPU
		{925F9CF6-A432-4592-B741-A6E89F868D0B}.Release|Any CPU.Build.0 = Release|Any CPU
		{1DE0E1B8-E8F0-4290-8B2C-2A0787BC91CC}.Debug|Any CPU.ActiveCfg = Debug|Any CPU
		{1DE0E1B8-E8F0-4290-8B2C-2A0787BC91CC}.Debug|Any CPU.Build.0 = Debug|Any CPU
		{1DE0E1B8-E8F0-4290-8B2C-2A0787BC91CC}.Release|Any CPU.ActiveCfg = Release|Any CPU
		{1DE0E1B8-E8F0-4290-8B2C-2A0787BC91CC}.Release|Any CPU.Build.0 = Release|Any CPU
		{E4BBB7EA-0A5C-4867-835C-F3C213E3AC0E}.Debug|Any CPU.ActiveCfg = Debug|Any CPU
		{E4BBB7EA-0A5C-4867-835C-F3C213E3AC0E}.Debug|Any CPU.Build.0 = Debug|Any CPU
		{E4BBB7EA-0A5C-4867-835C-F3C213E3AC0E}.Release|Any CPU.ActiveCfg = Release|Any CPU
		{E4BBB7EA-0A5C-4867-835C-F3C213E3AC0E}.Release|Any CPU.Build.0 = Release|Any CPU
	EndGlobalSection
	GlobalSection(SolutionProperties) = preSolution
		HideSolutionNode = FALSE
	EndGlobalSection
	GlobalSection(NestedProjects) = preSolution
		{66410A19-ADE1-4709-B085-23526B87B787} = {99FA97B4-8971-4B53-9479-DAD8F8447D4F}
		{AA51876D-3944-4B60-86C6-2AE6AE9B3E22} = {79C0CA09-EDEA-48AE-AE16-CE999EF23DBA}
		{381E8178-E844-45A7-ADCF-CA522EA98A07} = {79C0CA09-EDEA-48AE-AE16-CE999EF23DBA}
		{1CE4CF47-B647-49F7-9D4E-5117395C8D22} = {99FA97B4-8971-4B53-9479-DAD8F8447D4F}
		{9A4A449F-2F30-497D-ACD2-FE13BAF86057} = {99FA97B4-8971-4B53-9479-DAD8F8447D4F}
		{925F9CF6-A432-4592-B741-A6E89F868D0B} = {99FA97B4-8971-4B53-9479-DAD8F8447D4F}
		{1DE0E1B8-E8F0-4290-8B2C-2A0787BC91CC} = {99FA97B4-8971-4B53-9479-DAD8F8447D4F}
		{E4BBB7EA-0A5C-4867-835C-F3C213E3AC0E} = {99FA97B4-8971-4B53-9479-DAD8F8447D4F}
	EndGlobalSection
	GlobalSection(ExtensibilityGlobals) = postSolution
		SolutionGuid = {F24768BD-3F94-494D-A284-07CA39A29A1C}
	EndGlobalSection
EndGlobal
