
Microsoft Visual Studio Solution File, Format Version 12.00
# Visual Studio Express 2012 for Windows Desktop
Project("{FAE04EC0-301F-11D3-BF4B-00C04F79EFBC}") = "NATS", "NATS\NATS.csproj", "{68EE71D4-9532-470E-B5CA-ECAA79936B1F}"
EndProject
Project("{FAE04EC0-301F-11D3-BF4B-00C04F79EFBC}") = "NATSUnitTests", "NATSUnitTests\NATSUnitTests.csproj", "{00DBFD4D-72F4-4250-884C-C1527C66A0C2}"
EndProject
Project("{FAE04EC0-301F-11D3-BF4B-00C04F79EFBC}") = "Publish", "examples\Publish\Publish.csproj", "{A434BE66-EC4D-4FA4-89C7-9097A22319FF}"
EndProject
Project("{FAE04EC0-301F-11D3-BF4B-00C04F79EFBC}") = "Subscribe", "examples\Subscribe\Subscribe.csproj", "{0D44FEE5-87D7-4DC5-956C-B03C3A5B286F}"
EndProject
Project("{FAE04EC0-301F-11D3-BF4B-00C04F79EFBC}") = "QueueGroup", "examples\QueueGroup\QueueGroup.csproj", "{E8AECF76-0A83-4128-B2AA-27CBDA9CCA50}"
EndProject
Project("{FAE04EC0-301F-11D3-BF4B-00C04F79EFBC}") = "Requestor", "examples\Requestor\Requestor.csproj", "{6C2C965C-D1F9-4E5E-863C-EE5C51937866}"
EndProject
Project("{FAE04EC0-301F-11D3-BF4B-00C04F79EFBC}") = "Replier", "examples\Replier\Replier.csproj", "{BEC6E07B-3DFC-493F-82E6-35A32D52ED2D}"
EndProject
Global
	GlobalSection(SolutionConfigurationPlatforms) = preSolution
		Debug|Any CPU = Debug|Any CPU
		Release|Any CPU = Release|Any CPU
	EndGlobalSection
	GlobalSection(ProjectConfigurationPlatforms) = postSolution
		{68EE71D4-9532-470E-B5CA-ECAA79936B1F}.Debug|Any CPU.ActiveCfg = Debug|Any CPU
		{68EE71D4-9532-470E-B5CA-ECAA79936B1F}.Debug|Any CPU.Build.0 = Debug|Any CPU
		{68EE71D4-9532-470E-B5CA-ECAA79936B1F}.Release|Any CPU.ActiveCfg = Release|Any CPU
		{68EE71D4-9532-470E-B5CA-ECAA79936B1F}.Release|Any CPU.Build.0 = Release|Any CPU
		{00DBFD4D-72F4-4250-884C-C1527C66A0C2}.Debug|Any CPU.ActiveCfg = Debug|Any CPU
		{00DBFD4D-72F4-4250-884C-C1527C66A0C2}.Debug|Any CPU.Build.0 = Debug|Any CPU
		{00DBFD4D-72F4-4250-884C-C1527C66A0C2}.Release|Any CPU.ActiveCfg = Release|Any CPU
		{00DBFD4D-72F4-4250-884C-C1527C66A0C2}.Release|Any CPU.Build.0 = Release|Any CPU
		{A434BE66-EC4D-4FA4-89C7-9097A22319FF}.Debug|Any CPU.ActiveCfg = Debug|Any CPU
		{A434BE66-EC4D-4FA4-89C7-9097A22319FF}.Debug|Any CPU.Build.0 = Debug|Any CPU
		{A434BE66-EC4D-4FA4-89C7-9097A22319FF}.Release|Any CPU.ActiveCfg = Release|Any CPU
		{A434BE66-EC4D-4FA4-89C7-9097A22319FF}.Release|Any CPU.Build.0 = Release|Any CPU
		{0D44FEE5-87D7-4DC5-956C-B03C3A5B286F}.Debug|Any CPU.ActiveCfg = Debug|Any CPU
		{0D44FEE5-87D7-4DC5-956C-B03C3A5B286F}.Debug|Any CPU.Build.0 = Debug|Any CPU
		{0D44FEE5-87D7-4DC5-956C-B03C3A5B286F}.Release|Any CPU.ActiveCfg = Release|Any CPU
		{0D44FEE5-87D7-4DC5-956C-B03C3A5B286F}.Release|Any CPU.Build.0 = Release|Any CPU
		{E8AECF76-0A83-4128-B2AA-27CBDA9CCA50}.Debug|Any CPU.ActiveCfg = Debug|Any CPU
		{E8AECF76-0A83-4128-B2AA-27CBDA9CCA50}.Debug|Any CPU.Build.0 = Debug|Any CPU
		{E8AECF76-0A83-4128-B2AA-27CBDA9CCA50}.Release|Any CPU.ActiveCfg = Release|Any CPU
		{E8AECF76-0A83-4128-B2AA-27CBDA9CCA50}.Release|Any CPU.Build.0 = Release|Any CPU
		{6C2C965C-D1F9-4E5E-863C-EE5C51937866}.Debug|Any CPU.ActiveCfg = Debug|Any CPU
		{6C2C965C-D1F9-4E5E-863C-EE5C51937866}.Debug|Any CPU.Build.0 = Debug|Any CPU
		{6C2C965C-D1F9-4E5E-863C-EE5C51937866}.Release|Any CPU.ActiveCfg = Release|Any CPU
		{6C2C965C-D1F9-4E5E-863C-EE5C51937866}.Release|Any CPU.Build.0 = Release|Any CPU
		{BEC6E07B-3DFC-493F-82E6-35A32D52ED2D}.Debug|Any CPU.ActiveCfg = Debug|Any CPU
		{BEC6E07B-3DFC-493F-82E6-35A32D52ED2D}.Debug|Any CPU.Build.0 = Debug|Any CPU
		{BEC6E07B-3DFC-493F-82E6-35A32D52ED2D}.Release|Any CPU.ActiveCfg = Release|Any CPU
		{BEC6E07B-3DFC-493F-82E6-35A32D52ED2D}.Release|Any CPU.Build.0 = Release|Any CPU
	EndGlobalSection
	GlobalSection(SolutionProperties) = preSolution
		HideSolutionNode = FALSE
	EndGlobalSection
EndGlobal
