
Microsoft Visual Studio Solution File, Format Version 12.00
# Visual Studio 14
VisualStudioVersion = 14.0.25420.1
MinimumVisualStudioVersion = 10.0.40219.1
Project("{2150E333-8FDC-42A3-9474-1A3956D46DE8}") = "NATS.Client", "NATS.Client", "{79C0CA09-EDEA-48AE-AE16-CE999EF23DBA}"
EndProject
Project("{2150E333-8FDC-42A3-9474-1A3956D46DE8}") = "Solution Items", "Solution Items", "{406BCA38-E50C-4579-84EB-D9D1D7B7087E}"
	ProjectSection(SolutionItems) = preProject
		global.json = global.json
	EndProjectSection
EndProject
Project("{8BB2217D-0F2D-49D1-97BC-3654ED321F3B}") = "NATS.Client", "NATS.Client\NATS.Client.xproj", "{026D13A4-9A5C-4EA1-92C2-5223F866D654}"
EndProject
Project("{8BB2217D-0F2D-49D1-97BC-3654ED321F3B}") = "NATSUnitTests", "NATSUnitTests\NATSUnitTests.xproj", "{530D885D-036E-4D79-8E6E-FB6D6E7C9174}"
EndProject
Project("{2150E333-8FDC-42A3-9474-1A3956D46DE8}") = "Examples", "Examples", "{99FA97B4-8971-4B53-9479-DAD8F8447D4F}"
EndProject
Project("{8BB2217D-0F2D-49D1-97BC-3654ED321F3B}") = "Benchmark", "examples\Benchmark\Benchmark.xproj", "{7C9EE449-8046-4611-BF35-EC1F21A505F4}"
EndProject
Project("{8BB2217D-0F2D-49D1-97BC-3654ED321F3B}") = "Publish", "examples\Publish\Publish.xproj", "{5F5108F7-6963-437F-854A-980871306185}"
EndProject
Project("{8BB2217D-0F2D-49D1-97BC-3654ED321F3B}") = "QueueGroup", "examples\QueueGroup\QueueGroup.xproj", "{3C6C3909-8337-4769-9D71-83CB2C8D3976}"
EndProject
Project("{8BB2217D-0F2D-49D1-97BC-3654ED321F3B}") = "Replier", "examples\Replier\Replier.xproj", "{4B803C36-2776-40A7-A892-D1498CACFFA0}"
EndProject
Project("{8BB2217D-0F2D-49D1-97BC-3654ED321F3B}") = "Requestor", "examples\Requestor\Requestor.xproj", "{2BECF56C-B411-4568-8AC6-1676B19FDBD9}"
EndProject
Project("{8BB2217D-0F2D-49D1-97BC-3654ED321F3B}") = "Subscribe", "examples\Subscribe\Subscribe.xproj", "{C3611BAC-1AA4-45B5-A8DC-D0D73CF7B895}"
EndProject
Global
	GlobalSection(SolutionConfigurationPlatforms) = preSolution
		Debug|Any CPU = Debug|Any CPU
		Release|Any CPU = Release|Any CPU
	EndGlobalSection
	GlobalSection(ProjectConfigurationPlatforms) = postSolution
		{026D13A4-9A5C-4EA1-92C2-5223F866D654}.Debug|Any CPU.ActiveCfg = Debug|Any CPU
		{026D13A4-9A5C-4EA1-92C2-5223F866D654}.Debug|Any CPU.Build.0 = Debug|Any CPU
		{026D13A4-9A5C-4EA1-92C2-5223F866D654}.Release|Any CPU.ActiveCfg = Release|Any CPU
		{026D13A4-9A5C-4EA1-92C2-5223F866D654}.Release|Any CPU.Build.0 = Release|Any CPU
		{530D885D-036E-4D79-8E6E-FB6D6E7C9174}.Debug|Any CPU.ActiveCfg = Debug|Any CPU
		{530D885D-036E-4D79-8E6E-FB6D6E7C9174}.Debug|Any CPU.Build.0 = Debug|Any CPU
		{530D885D-036E-4D79-8E6E-FB6D6E7C9174}.Release|Any CPU.ActiveCfg = Release|Any CPU
		{530D885D-036E-4D79-8E6E-FB6D6E7C9174}.Release|Any CPU.Build.0 = Release|Any CPU
		{7C9EE449-8046-4611-BF35-EC1F21A505F4}.Debug|Any CPU.ActiveCfg = Debug|Any CPU
		{7C9EE449-8046-4611-BF35-EC1F21A505F4}.Debug|Any CPU.Build.0 = Debug|Any CPU
		{7C9EE449-8046-4611-BF35-EC1F21A505F4}.Release|Any CPU.ActiveCfg = Release|Any CPU
		{7C9EE449-8046-4611-BF35-EC1F21A505F4}.Release|Any CPU.Build.0 = Release|Any CPU
		{5F5108F7-6963-437F-854A-980871306185}.Debug|Any CPU.ActiveCfg = Debug|Any CPU
		{5F5108F7-6963-437F-854A-980871306185}.Debug|Any CPU.Build.0 = Debug|Any CPU
		{5F5108F7-6963-437F-854A-980871306185}.Release|Any CPU.ActiveCfg = Release|Any CPU
		{5F5108F7-6963-437F-854A-980871306185}.Release|Any CPU.Build.0 = Release|Any CPU
		{3C6C3909-8337-4769-9D71-83CB2C8D3976}.Debug|Any CPU.ActiveCfg = Debug|Any CPU
		{3C6C3909-8337-4769-9D71-83CB2C8D3976}.Debug|Any CPU.Build.0 = Debug|Any CPU
		{3C6C3909-8337-4769-9D71-83CB2C8D3976}.Release|Any CPU.ActiveCfg = Release|Any CPU
		{3C6C3909-8337-4769-9D71-83CB2C8D3976}.Release|Any CPU.Build.0 = Release|Any CPU
		{4B803C36-2776-40A7-A892-D1498CACFFA0}.Debug|Any CPU.ActiveCfg = Debug|Any CPU
		{4B803C36-2776-40A7-A892-D1498CACFFA0}.Debug|Any CPU.Build.0 = Debug|Any CPU
		{4B803C36-2776-40A7-A892-D1498CACFFA0}.Release|Any CPU.ActiveCfg = Release|Any CPU
		{4B803C36-2776-40A7-A892-D1498CACFFA0}.Release|Any CPU.Build.0 = Release|Any CPU
		{2BECF56C-B411-4568-8AC6-1676B19FDBD9}.Debug|Any CPU.ActiveCfg = Debug|Any CPU
		{2BECF56C-B411-4568-8AC6-1676B19FDBD9}.Debug|Any CPU.Build.0 = Debug|Any CPU
		{2BECF56C-B411-4568-8AC6-1676B19FDBD9}.Release|Any CPU.ActiveCfg = Release|Any CPU
		{2BECF56C-B411-4568-8AC6-1676B19FDBD9}.Release|Any CPU.Build.0 = Release|Any CPU
		{C3611BAC-1AA4-45B5-A8DC-D0D73CF7B895}.Debug|Any CPU.ActiveCfg = Debug|Any CPU
		{C3611BAC-1AA4-45B5-A8DC-D0D73CF7B895}.Debug|Any CPU.Build.0 = Debug|Any CPU
		{C3611BAC-1AA4-45B5-A8DC-D0D73CF7B895}.Release|Any CPU.ActiveCfg = Release|Any CPU
		{C3611BAC-1AA4-45B5-A8DC-D0D73CF7B895}.Release|Any CPU.Build.0 = Release|Any CPU
	EndGlobalSection
	GlobalSection(SolutionProperties) = preSolution
		HideSolutionNode = FALSE
	EndGlobalSection
	GlobalSection(NestedProjects) = preSolution
		{026D13A4-9A5C-4EA1-92C2-5223F866D654} = {79C0CA09-EDEA-48AE-AE16-CE999EF23DBA}
		{530D885D-036E-4D79-8E6E-FB6D6E7C9174} = {79C0CA09-EDEA-48AE-AE16-CE999EF23DBA}
		{7C9EE449-8046-4611-BF35-EC1F21A505F4} = {99FA97B4-8971-4B53-9479-DAD8F8447D4F}
		{5F5108F7-6963-437F-854A-980871306185} = {99FA97B4-8971-4B53-9479-DAD8F8447D4F}
		{3C6C3909-8337-4769-9D71-83CB2C8D3976} = {99FA97B4-8971-4B53-9479-DAD8F8447D4F}
		{4B803C36-2776-40A7-A892-D1498CACFFA0} = {99FA97B4-8971-4B53-9479-DAD8F8447D4F}
		{2BECF56C-B411-4568-8AC6-1676B19FDBD9} = {99FA97B4-8971-4B53-9479-DAD8F8447D4F}
		{C3611BAC-1AA4-45B5-A8DC-D0D73CF7B895} = {99FA97B4-8971-4B53-9479-DAD8F8447D4F}
	EndGlobalSection
EndGlobal
