
Microsoft Visual Studio Solution File, Format Version 12.00
# Visual Studio Version 16
VisualStudioVersion = 16.0.29230.47
MinimumVisualStudioVersion = 10.0.40219.1
Project("{2150E333-8FDC-42A3-9474-1A3956D46DE8}") = "Solution Items", "Solution Items", "{5352168F-9BC9-4F50-8D82-AEC0CB07FE5C}"
	ProjectSection(SolutionItems) = preProject
		Directory.Build.props = Directory.Build.props
	EndProjectSection
EndProject
Project("{9A19103F-16F7-4668-BE54-9A1E7A4F7556}") = "NATS.Client", "NATS.Client\NATS.Client.csproj", "{2997E272-4506-4725-B9D0-11FA37178FBD}"
EndProject
Project("{9A19103F-16F7-4668-BE54-9A1E7A4F7556}") = "UnitTests", "Tests\UnitTests\UnitTests.csproj", "{7A09A089-18F5-42E3-B069-9F0BBC97E0C4}"
EndProject
Project("{9A19103F-16F7-4668-BE54-9A1E7A4F7556}") = "IntegrationTests", "Tests\IntegrationTests\IntegrationTests.csproj", "{858ED1E5-0969-4BBB-812D-310C136B801D}"
EndProject
Project("{2150E333-8FDC-42A3-9474-1A3956D46DE8}") = "Tests", "Tests", "{C8504091-0607-4391-87D7-A46837EB04A5}"
EndProject
Project("{2150E333-8FDC-42A3-9474-1A3956D46DE8}") = "Samples", "Samples", "{776C2E80-958B-4C0D-BCC4-67D39DB4570B}"
ProjectSection(SolutionItems) = preProject
	Samples\README.md = Samples\README.md
EndProjectSection
EndProject
Project("{9A19103F-16F7-4668-BE54-9A1E7A4F7556}") = "Publish", "Samples\Publish\Publish.csproj", "{9DB0DC17-BA58-493A-B1A4-832AB56CA09D}"
EndProject
Project("{9A19103F-16F7-4668-BE54-9A1E7A4F7556}") = "Subscribe", "Samples\Subscribe\Subscribe.csproj", "{4ED5A942-B170-4D1F-9288-2394CA708576}"
EndProject
Project("{9A19103F-16F7-4668-BE54-9A1E7A4F7556}") = "Requestor", "Samples\Requestor\Requestor.csproj", "{725F4B11-9275-4966-AD46-383021EEC152}"
EndProject
Project("{9A19103F-16F7-4668-BE54-9A1E7A4F7556}") = "Replier", "Samples\Replier\Replier.csproj", "{B5C69B45-658C-431D-9D0D-C9D2D098248A}"
EndProject
Project("{9A19103F-16F7-4668-BE54-9A1E7A4F7556}") = "QueueGroup", "Samples\QueueGroup\QueueGroup.csproj", "{2F052465-A58D-4670-8600-24CCB2F220A5}"
EndProject
Project("{9A19103F-16F7-4668-BE54-9A1E7A4F7556}") = "RxSample", "Samples\RxSample\RxSample.csproj", "{C21CBF59-9884-436C-8A24-0248F8598979}"
EndProject
Project("{9A19103F-16F7-4668-BE54-9A1E7A4F7556}") = "WinFormsSample", "Samples\WinFormsSample\WinFormsSample.csproj", "{10ED0146-1701-4BC9-9E26-824B22D18CB8}"
EndProject
Project("{9A19103F-16F7-4668-BE54-9A1E7A4F7556}") = "Benchmark", "Benchmarks\Benchmark\Benchmark.csproj", "{8BC71128-1FC5-4126-9582-41223E96C2CA}"
EndProject
Project("{9A19103F-16F7-4668-BE54-9A1E7A4F7556}") = "MicroBenchmarks", "Benchmarks\MicroBenchmarks\MicroBenchmarks.csproj", "{8D181EED-3FF7-4CC0-9C85-331EF20B7688}"
EndProject
Project("{2150E333-8FDC-42A3-9474-1A3956D46DE8}") = "Benchmarks", "Benchmarks", "{A4CB6D96-6357-40DC-B198-50568A7E45C7}"
EndProject
Project("{FAE04EC0-301F-11D3-BF4B-00C04F79EFBC}") = "JetStreamPublish", "Samples\JetStreamPublish\JetStreamPublish.csproj", "{16D5609D-3684-43F6-BDF4-777217EFAC58}"
EndProject
Project("{FAE04EC0-301F-11D3-BF4B-00C04F79EFBC}") = "JetStreamPushSubscribeBasicSync", "Samples\JetStreamPushSubscribeBasicSync\JetStreamPushSubscribeBasicSync.csproj", "{E36E289A-5EDB-4A7F-83A8-E67B7A5019F2}"
EndProject
Project("{FAE04EC0-301F-11D3-BF4B-00C04F79EFBC}") = "JetStreamPublishAsync", "Samples\JetStreamPublishAsync\JetStreamPublishAsync.csproj", "{A888C56E-721D-496A-91FE-EFF983650D77}"
EndProject
Project("{FAE04EC0-301F-11D3-BF4B-00C04F79EFBC}") = "JetStreamPublishVsCorePublish", "Samples\JetStreamPublishVsCorePublish\JetStreamPublishVsCorePublish.csproj", "{257E7720-0AE3-49E3-AB13-EB84FF4D06FA}"
EndProject
Project("{FAE04EC0-301F-11D3-BF4B-00C04F79EFBC}") = "JetStreamPublishWithOptionsUseCases", "Samples\JetStreamPublishWithOptionsUseCases\JetStreamPublishWithOptionsUseCases.csproj", "{A935E4D3-142C-4BBB-BD85-C8A475E7D747}"
EndProject
Project("{FAE04EC0-301F-11D3-BF4B-00C04F79EFBC}") = "JetStreamManageConsumers", "Samples\JetStreamManageConsumers\JetStreamManageConsumers.csproj", "{1CB31B41-198B-497F-987F-5D4B480E6484}"
EndProject
Project("{FAE04EC0-301F-11D3-BF4B-00C04F79EFBC}") = "JetStreamExampleUtils", "Samples\JetStreamExampleUtils\JetStreamExampleUtils.csproj", "{8192478D-1A69-4368-B428-723E136424CA}"
EndProject
Project("{FAE04EC0-301F-11D3-BF4B-00C04F79EFBC}") = "JetStreamManageStreams", "Samples\JetStreamManageStreams\JetStreamManageStreams.csproj", "{F4BC8AA0-C73E-41D6-AB6B-ED7E4B27B9CD}"
EndProject
Project("{FAE04EC0-301F-11D3-BF4B-00C04F79EFBC}") = "JetStreamPushSubscribeBasicAsync", "Samples\JetStreamPushSubscribeBasicAsync\JetStreamPushSubscribeBasicAsync.csproj", "{3A522370-0616-4D92-ADAD-B8229E94AA4D}"
EndProject
Project("{FAE04EC0-301F-11D3-BF4B-00C04F79EFBC}") = "JetStreamPushSubscribeBindDurable", "Samples\JetStreamPushSubscribeBindDurable\JetStreamPushSubscribeBindDurable.csproj", "{76155EDB-0018-432A-A766-EF69348961A0}"
EndProject
Project("{FAE04EC0-301F-11D3-BF4B-00C04F79EFBC}") = "JetStreamPushSubscribeQueueDurable", "Samples\JetStreamPushSubscribeQueueDurable\JetStreamPushSubscribeQueueDurable.csproj", "{85E2BB42-14BD-4D26-8CAB-22AB809088AA}"
EndProject
Project("{FAE04EC0-301F-11D3-BF4B-00C04F79EFBC}") = "JetStreamPushSubscribeFilterSubject", "Samples\JetStreamPushSubscribeFilterSubject\JetStreamPushSubscribeFilterSubject.csproj", "{17AFCC2E-0978-4C3A-9BC5-9512C31F446F}"
EndProject
Project("{FAE04EC0-301F-11D3-BF4B-00C04F79EFBC}") = "JetStreamPushSubscribeDeliverSubject", "Samples\JetStreamPushSubscribeDeliverSubject\JetStreamPushSubscribeDeliverSubject.csproj", "{2A3062DC-ADC7-4A2B-A90E-B66CE2696296}"
EndProject
Project("{FAE04EC0-301F-11D3-BF4B-00C04F79EFBC}") = "JetStreamPullSubBatchSize", "Samples\JetStreamPullSubBatchSize\JetStreamPullSubBatchSize.csproj", "{A0B08DCD-098B-41C0-92C8-3F5FF2617CFE}"
EndProject
Project("{FAE04EC0-301F-11D3-BF4B-00C04F79EFBC}") = "JetStreamPullSubBatchSizeUseCases", "Samples\JetStreamPullSubBatchSizeUseCases\JetStreamPullSubBatchSizeUseCases.csproj", "{8E724984-797A-4A8B-B84A-73C81A51C580}"
EndProject
Project("{FAE04EC0-301F-11D3-BF4B-00C04F79EFBC}") = "JetStreamPullSubExpiresIn", "Samples\JetStreamPullSubExpiresIn\JetStreamPullSubExpiresIn.csproj", "{1FD01D9F-A29A-4072-989B-41689DFC0214}"
EndProject
Project("{FAE04EC0-301F-11D3-BF4B-00C04F79EFBC}") = "JetStreamPullSubExpiresInUseCases", "Samples\JetStreamPullSubExpiresInUseCases\JetStreamPullSubExpiresInUseCases.csproj", "{7F2E6172-FB5A-4C92-96FA-8D5C5BC9B70E}"
EndProject
Project("{FAE04EC0-301F-11D3-BF4B-00C04F79EFBC}") = "JetStreamPullSubFetch", "Samples\JetStreamPullSubFetch\JetStreamPullSubFetch.csproj", "{4B9FE3F8-A8ED-471B-93E9-7DD1AA2B6C0E}"
EndProject
Project("{FAE04EC0-301F-11D3-BF4B-00C04F79EFBC}") = "JetStreamPullSubFetchUseCases", "Samples\JetStreamPullSubFetchUseCases\JetStreamPullSubFetchUseCases.csproj", "{C9C5251D-00E7-4F78-B9A4-A8F87864B28C}"
EndProject
Project("{FAE04EC0-301F-11D3-BF4B-00C04F79EFBC}") = "JetStreamPullSubNoWaitUseCases", "Samples\JetStreamPullSubNoWaitUseCases\JetStreamPullSubNoWaitUseCases.csproj", "{FEF800F2-A84C-4822-97C2-91127D40B194}"
EndProject
Project("{FAE04EC0-301F-11D3-BF4B-00C04F79EFBC}") = "JetStreamStarter", "Samples\JetStreamStarter\JetStreamStarter.csproj", "{7D8F1465-FE87-4725-9A2C-AEDA79C8E843}"
EndProject
Project("{FAE04EC0-301F-11D3-BF4B-00C04F79EFBC}") = "KeyValueFull", "Samples\KeyValueFull\KeyValueFull.csproj", "{D9D9D9D7-F73D-459A-9067-909E07BA43EC}"
EndProject
Project("{FAE04EC0-301F-11D3-BF4B-00C04F79EFBC}") = "JsMulti", "Benchmarks\JsMulti\JsMulti.csproj", "{99F89B8C-43BF-4796-B484-17F91EC08077}"
EndProject
Project("{FAE04EC0-301F-11D3-BF4B-00C04F79EFBC}") = "JsMultiConsumer", "Benchmarks\JsMultiConsumer\JsMultiConsumer.csproj", "{E9CC3199-497F-4FAC-896C-EC732C09CC38}"
EndProject
Project("{FAE04EC0-301F-11D3-BF4B-00C04F79EFBC}") = "JsMultiProducer", "Benchmarks\JsMultiProducer\JsMultiProducer.csproj", "{76D213F9-72F7-4B26-A468-96CAB5345119}"
EndProject
Project("{FAE04EC0-301F-11D3-BF4B-00C04F79EFBC}") = "IntegrationTestsUsingNitoAsyncEx", "Tests\IntegrationTestsUsingNitoAsyncEx\IntegrationTestsUsingNitoAsyncEx.csproj", "{69B1924A-F759-49AD-95B2-688CF026094C}"
EndProject
Project("{FAE04EC0-301F-11D3-BF4B-00C04F79EFBC}") = "IntegrationTestsInternal", "Tests\IntegrationTestsInternal\IntegrationTestsInternal.csproj", "{316A3E54-365C-4BD1-B9AB-01DB7158C01A}"
EndProject
Project("{FAE04EC0-301F-11D3-BF4B-00C04F79EFBC}") = "TlsVariationsExample", "Samples\TlsVariationsExample\TlsVariationsExample.csproj", "{5EB47989-2656-4684-84A9-8935D7B99A8D}"
EndProject
Project("{FAE04EC0-301F-11D3-BF4B-00C04F79EFBC}") = "ServiceExample", "Samples\ServiceExample\ServiceExample.csproj", "{7E2D701E-D823-42D2-9CC3-26E0914D22B5}"
EndProject
Project("{FAE04EC0-301F-11D3-BF4B-00C04F79EFBC}") = "Miscellany", "Samples\Miscellany\Miscellany.csproj", "{F659F42D-241D-49B3-9DA4-340086E64C0E}"
EndProject
Project("{FAE04EC0-301F-11D3-BF4B-00C04F79EFBC}") = "SimplificationFetchBytes", "Samples\SimplificationFetchBytes\SimplificationFetchBytes.csproj", "{3AB30260-EE68-4ACE-8577-9F4CECDDEAFC}"
EndProject
Project("{FAE04EC0-301F-11D3-BF4B-00C04F79EFBC}") = "SimplificationFetchMessages", "Samples\SimplificationFetchMessages\SimplificationFetchMessages.csproj", "{161D21ED-F215-4F49-8273-4E72CD434A3D}"
EndProject
Project("{FAE04EC0-301F-11D3-BF4B-00C04F79EFBC}") = "SimplificationIterableConsumer", "Samples\SimplificationIterableConsumer\SimplificationIterableConsumer.csproj", "{2AA06032-EFE6-4F8E-BF37-2A9CFCF0268F}"
EndProject
Project("{FAE04EC0-301F-11D3-BF4B-00C04F79EFBC}") = "SimplificationMessageConsumer", "Samples\SimplificationMessageConsumer\SimplificationMessageConsumer.csproj", "{77526973-BA44-412F-BDAF-BF86BDE58F5F}"
EndProject
Project("{FAE04EC0-301F-11D3-BF4B-00C04F79EFBC}") = "SimplificationNext", "Samples\SimplificationNext\SimplificationNext.csproj", "{78F922E7-1238-4DE8-9BCF-6D09B069F810}"
EndProject
Project("{FAE04EC0-301F-11D3-BF4B-00C04F79EFBC}") = "SimplificationContext", "Samples\SimplificationContext\SimplificationContext.csproj", "{C7FB00D4-23F1-4F6A-A8C0-E58346F272DE}"
EndProject
Project("{FAE04EC0-301F-11D3-BF4B-00C04F79EFBC}") = "JetStreamPushSubscribeAsyncQueueDurable", "Samples\JetStreamPushSubscribeAsyncQueueDurable\JetStreamPushSubscribeAsyncQueueDurable.csproj", "{5DCD0666-5AC9-462F-99BD-5E8E95E4B749}"
EndProject
Project("{FAE04EC0-301F-11D3-BF4B-00C04F79EFBC}") = "SimplificationQueue", "Samples\SimplificationQueue\SimplificationQueue.csproj", "{F8609197-D5B0-42CC-890E-921CAAA1589E}"
EndProject
Project("{FAE04EC0-301F-11D3-BF4B-00C04F79EFBC}") = "TLSReverseProxyExample", "Samples\TLSReverseProxyExample\TLSReverseProxyExample.csproj", "{98C52074-7693-48D4-B0A9-48920EEEDA24}"
EndProject
Global
	GlobalSection(SolutionConfigurationPlatforms) = preSolution
		Debug|Any CPU = Debug|Any CPU
		Release|Any CPU = Release|Any CPU
	EndGlobalSection
	GlobalSection(ProjectConfigurationPlatforms) = postSolution
		{2997E272-4506-4725-B9D0-11FA37178FBD}.Debug|Any CPU.ActiveCfg = Debug|Any CPU
		{2997E272-4506-4725-B9D0-11FA37178FBD}.Debug|Any CPU.Build.0 = Debug|Any CPU
		{2997E272-4506-4725-B9D0-11FA37178FBD}.Release|Any CPU.ActiveCfg = Release|Any CPU
		{2997E272-4506-4725-B9D0-11FA37178FBD}.Release|Any CPU.Build.0 = Release|Any CPU
		{7A09A089-18F5-42E3-B069-9F0BBC97E0C4}.Debug|Any CPU.ActiveCfg = Debug|Any CPU
		{7A09A089-18F5-42E3-B069-9F0BBC97E0C4}.Debug|Any CPU.Build.0 = Debug|Any CPU
		{7A09A089-18F5-42E3-B069-9F0BBC97E0C4}.Release|Any CPU.ActiveCfg = Release|Any CPU
		{7A09A089-18F5-42E3-B069-9F0BBC97E0C4}.Release|Any CPU.Build.0 = Release|Any CPU
		{858ED1E5-0969-4BBB-812D-310C136B801D}.Debug|Any CPU.ActiveCfg = Debug|Any CPU
		{858ED1E5-0969-4BBB-812D-310C136B801D}.Debug|Any CPU.Build.0 = Debug|Any CPU
		{858ED1E5-0969-4BBB-812D-310C136B801D}.Release|Any CPU.ActiveCfg = Release|Any CPU
		{858ED1E5-0969-4BBB-812D-310C136B801D}.Release|Any CPU.Build.0 = Release|Any CPU
		{9DB0DC17-BA58-493A-B1A4-832AB56CA09D}.Debug|Any CPU.ActiveCfg = Debug|Any CPU
		{9DB0DC17-BA58-493A-B1A4-832AB56CA09D}.Debug|Any CPU.Build.0 = Debug|Any CPU
		{9DB0DC17-BA58-493A-B1A4-832AB56CA09D}.Release|Any CPU.ActiveCfg = Release|Any CPU
		{9DB0DC17-BA58-493A-B1A4-832AB56CA09D}.Release|Any CPU.Build.0 = Release|Any CPU
		{4ED5A942-B170-4D1F-9288-2394CA708576}.Debug|Any CPU.ActiveCfg = Debug|Any CPU
		{4ED5A942-B170-4D1F-9288-2394CA708576}.Debug|Any CPU.Build.0 = Debug|Any CPU
		{4ED5A942-B170-4D1F-9288-2394CA708576}.Release|Any CPU.ActiveCfg = Release|Any CPU
		{4ED5A942-B170-4D1F-9288-2394CA708576}.Release|Any CPU.Build.0 = Release|Any CPU
		{725F4B11-9275-4966-AD46-383021EEC152}.Debug|Any CPU.ActiveCfg = Debug|Any CPU
		{725F4B11-9275-4966-AD46-383021EEC152}.Debug|Any CPU.Build.0 = Debug|Any CPU
		{725F4B11-9275-4966-AD46-383021EEC152}.Release|Any CPU.ActiveCfg = Release|Any CPU
		{725F4B11-9275-4966-AD46-383021EEC152}.Release|Any CPU.Build.0 = Release|Any CPU
		{B5C69B45-658C-431D-9D0D-C9D2D098248A}.Debug|Any CPU.ActiveCfg = Debug|Any CPU
		{B5C69B45-658C-431D-9D0D-C9D2D098248A}.Debug|Any CPU.Build.0 = Debug|Any CPU
		{B5C69B45-658C-431D-9D0D-C9D2D098248A}.Release|Any CPU.ActiveCfg = Release|Any CPU
		{B5C69B45-658C-431D-9D0D-C9D2D098248A}.Release|Any CPU.Build.0 = Release|Any CPU
		{2F052465-A58D-4670-8600-24CCB2F220A5}.Debug|Any CPU.ActiveCfg = Debug|Any CPU
		{2F052465-A58D-4670-8600-24CCB2F220A5}.Debug|Any CPU.Build.0 = Debug|Any CPU
		{2F052465-A58D-4670-8600-24CCB2F220A5}.Release|Any CPU.ActiveCfg = Release|Any CPU
		{2F052465-A58D-4670-8600-24CCB2F220A5}.Release|Any CPU.Build.0 = Release|Any CPU
		{8BC71128-1FC5-4126-9582-41223E96C2CA}.Debug|Any CPU.ActiveCfg = Debug|Any CPU
		{8BC71128-1FC5-4126-9582-41223E96C2CA}.Debug|Any CPU.Build.0 = Debug|Any CPU
		{8BC71128-1FC5-4126-9582-41223E96C2CA}.Release|Any CPU.ActiveCfg = Release|Any CPU
		{8BC71128-1FC5-4126-9582-41223E96C2CA}.Release|Any CPU.Build.0 = Release|Any CPU
		{C21CBF59-9884-436C-8A24-0248F8598979}.Debug|Any CPU.ActiveCfg = Debug|Any CPU
		{C21CBF59-9884-436C-8A24-0248F8598979}.Debug|Any CPU.Build.0 = Debug|Any CPU
		{C21CBF59-9884-436C-8A24-0248F8598979}.Release|Any CPU.ActiveCfg = Release|Any CPU
		{C21CBF59-9884-436C-8A24-0248F8598979}.Release|Any CPU.Build.0 = Release|Any CPU
		{10ED0146-1701-4BC9-9E26-824B22D18CB8}.Debug|Any CPU.ActiveCfg = Debug|Any CPU
		{10ED0146-1701-4BC9-9E26-824B22D18CB8}.Debug|Any CPU.Build.0 = Debug|Any CPU
		{10ED0146-1701-4BC9-9E26-824B22D18CB8}.Release|Any CPU.ActiveCfg = Release|Any CPU
		{10ED0146-1701-4BC9-9E26-824B22D18CB8}.Release|Any CPU.Build.0 = Release|Any CPU
		{8D181EED-3FF7-4CC0-9C85-331EF20B7688}.Debug|Any CPU.ActiveCfg = Debug|Any CPU
		{8D181EED-3FF7-4CC0-9C85-331EF20B7688}.Debug|Any CPU.Build.0 = Debug|Any CPU
		{8D181EED-3FF7-4CC0-9C85-331EF20B7688}.Release|Any CPU.ActiveCfg = Release|Any CPU
		{8D181EED-3FF7-4CC0-9C85-331EF20B7688}.Release|Any CPU.Build.0 = Release|Any CPU
		{16D5609D-3684-43F6-BDF4-777217EFAC58}.Debug|Any CPU.ActiveCfg = Debug|Any CPU
		{16D5609D-3684-43F6-BDF4-777217EFAC58}.Debug|Any CPU.Build.0 = Debug|Any CPU
		{16D5609D-3684-43F6-BDF4-777217EFAC58}.Release|Any CPU.ActiveCfg = Release|Any CPU
		{16D5609D-3684-43F6-BDF4-777217EFAC58}.Release|Any CPU.Build.0 = Release|Any CPU
		{E36E289A-5EDB-4A7F-83A8-E67B7A5019F2}.Debug|Any CPU.ActiveCfg = Debug|Any CPU
		{E36E289A-5EDB-4A7F-83A8-E67B7A5019F2}.Debug|Any CPU.Build.0 = Debug|Any CPU
		{E36E289A-5EDB-4A7F-83A8-E67B7A5019F2}.Release|Any CPU.ActiveCfg = Release|Any CPU
		{E36E289A-5EDB-4A7F-83A8-E67B7A5019F2}.Release|Any CPU.Build.0 = Release|Any CPU
		{A888C56E-721D-496A-91FE-EFF983650D77}.Debug|Any CPU.ActiveCfg = Debug|Any CPU
		{A888C56E-721D-496A-91FE-EFF983650D77}.Debug|Any CPU.Build.0 = Debug|Any CPU
		{A888C56E-721D-496A-91FE-EFF983650D77}.Release|Any CPU.ActiveCfg = Release|Any CPU
		{A888C56E-721D-496A-91FE-EFF983650D77}.Release|Any CPU.Build.0 = Release|Any CPU
		{257E7720-0AE3-49E3-AB13-EB84FF4D06FA}.Debug|Any CPU.ActiveCfg = Debug|Any CPU
		{257E7720-0AE3-49E3-AB13-EB84FF4D06FA}.Debug|Any CPU.Build.0 = Debug|Any CPU
		{257E7720-0AE3-49E3-AB13-EB84FF4D06FA}.Release|Any CPU.ActiveCfg = Release|Any CPU
		{257E7720-0AE3-49E3-AB13-EB84FF4D06FA}.Release|Any CPU.Build.0 = Release|Any CPU
		{A935E4D3-142C-4BBB-BD85-C8A475E7D747}.Debug|Any CPU.ActiveCfg = Debug|Any CPU
		{A935E4D3-142C-4BBB-BD85-C8A475E7D747}.Debug|Any CPU.Build.0 = Debug|Any CPU
		{A935E4D3-142C-4BBB-BD85-C8A475E7D747}.Release|Any CPU.ActiveCfg = Release|Any CPU
		{A935E4D3-142C-4BBB-BD85-C8A475E7D747}.Release|Any CPU.Build.0 = Release|Any CPU
		{1CB31B41-198B-497F-987F-5D4B480E6484}.Debug|Any CPU.ActiveCfg = Debug|Any CPU
		{1CB31B41-198B-497F-987F-5D4B480E6484}.Debug|Any CPU.Build.0 = Debug|Any CPU
		{1CB31B41-198B-497F-987F-5D4B480E6484}.Release|Any CPU.ActiveCfg = Release|Any CPU
		{1CB31B41-198B-497F-987F-5D4B480E6484}.Release|Any CPU.Build.0 = Release|Any CPU
		{8192478D-1A69-4368-B428-723E136424CA}.Debug|Any CPU.ActiveCfg = Debug|Any CPU
		{8192478D-1A69-4368-B428-723E136424CA}.Debug|Any CPU.Build.0 = Debug|Any CPU
		{8192478D-1A69-4368-B428-723E136424CA}.Release|Any CPU.ActiveCfg = Release|Any CPU
		{8192478D-1A69-4368-B428-723E136424CA}.Release|Any CPU.Build.0 = Release|Any CPU
		{F4BC8AA0-C73E-41D6-AB6B-ED7E4B27B9CD}.Debug|Any CPU.ActiveCfg = Debug|Any CPU
		{F4BC8AA0-C73E-41D6-AB6B-ED7E4B27B9CD}.Debug|Any CPU.Build.0 = Debug|Any CPU
		{F4BC8AA0-C73E-41D6-AB6B-ED7E4B27B9CD}.Release|Any CPU.ActiveCfg = Release|Any CPU
		{F4BC8AA0-C73E-41D6-AB6B-ED7E4B27B9CD}.Release|Any CPU.Build.0 = Release|Any CPU
		{3A522370-0616-4D92-ADAD-B8229E94AA4D}.Debug|Any CPU.ActiveCfg = Debug|Any CPU
		{3A522370-0616-4D92-ADAD-B8229E94AA4D}.Debug|Any CPU.Build.0 = Debug|Any CPU
		{3A522370-0616-4D92-ADAD-B8229E94AA4D}.Release|Any CPU.ActiveCfg = Release|Any CPU
		{3A522370-0616-4D92-ADAD-B8229E94AA4D}.Release|Any CPU.Build.0 = Release|Any CPU
		{76155EDB-0018-432A-A766-EF69348961A0}.Debug|Any CPU.ActiveCfg = Debug|Any CPU
		{76155EDB-0018-432A-A766-EF69348961A0}.Debug|Any CPU.Build.0 = Debug|Any CPU
		{76155EDB-0018-432A-A766-EF69348961A0}.Release|Any CPU.ActiveCfg = Release|Any CPU
		{76155EDB-0018-432A-A766-EF69348961A0}.Release|Any CPU.Build.0 = Release|Any CPU
		{85E2BB42-14BD-4D26-8CAB-22AB809088AA}.Debug|Any CPU.ActiveCfg = Debug|Any CPU
		{85E2BB42-14BD-4D26-8CAB-22AB809088AA}.Debug|Any CPU.Build.0 = Debug|Any CPU
		{85E2BB42-14BD-4D26-8CAB-22AB809088AA}.Release|Any CPU.ActiveCfg = Release|Any CPU
		{85E2BB42-14BD-4D26-8CAB-22AB809088AA}.Release|Any CPU.Build.0 = Release|Any CPU
		{17AFCC2E-0978-4C3A-9BC5-9512C31F446F}.Debug|Any CPU.ActiveCfg = Debug|Any CPU
		{17AFCC2E-0978-4C3A-9BC5-9512C31F446F}.Debug|Any CPU.Build.0 = Debug|Any CPU
		{17AFCC2E-0978-4C3A-9BC5-9512C31F446F}.Release|Any CPU.ActiveCfg = Release|Any CPU
		{17AFCC2E-0978-4C3A-9BC5-9512C31F446F}.Release|Any CPU.Build.0 = Release|Any CPU
		{2A3062DC-ADC7-4A2B-A90E-B66CE2696296}.Debug|Any CPU.ActiveCfg = Debug|Any CPU
		{2A3062DC-ADC7-4A2B-A90E-B66CE2696296}.Debug|Any CPU.Build.0 = Debug|Any CPU
		{2A3062DC-ADC7-4A2B-A90E-B66CE2696296}.Release|Any CPU.ActiveCfg = Release|Any CPU
		{2A3062DC-ADC7-4A2B-A90E-B66CE2696296}.Release|Any CPU.Build.0 = Release|Any CPU
		{A0B08DCD-098B-41C0-92C8-3F5FF2617CFE}.Debug|Any CPU.ActiveCfg = Debug|Any CPU
		{A0B08DCD-098B-41C0-92C8-3F5FF2617CFE}.Debug|Any CPU.Build.0 = Debug|Any CPU
		{A0B08DCD-098B-41C0-92C8-3F5FF2617CFE}.Release|Any CPU.ActiveCfg = Release|Any CPU
		{A0B08DCD-098B-41C0-92C8-3F5FF2617CFE}.Release|Any CPU.Build.0 = Release|Any CPU
		{8E724984-797A-4A8B-B84A-73C81A51C580}.Debug|Any CPU.ActiveCfg = Debug|Any CPU
		{8E724984-797A-4A8B-B84A-73C81A51C580}.Debug|Any CPU.Build.0 = Debug|Any CPU
		{8E724984-797A-4A8B-B84A-73C81A51C580}.Release|Any CPU.ActiveCfg = Release|Any CPU
		{8E724984-797A-4A8B-B84A-73C81A51C580}.Release|Any CPU.Build.0 = Release|Any CPU
		{1FD01D9F-A29A-4072-989B-41689DFC0214}.Debug|Any CPU.ActiveCfg = Debug|Any CPU
		{1FD01D9F-A29A-4072-989B-41689DFC0214}.Debug|Any CPU.Build.0 = Debug|Any CPU
		{1FD01D9F-A29A-4072-989B-41689DFC0214}.Release|Any CPU.ActiveCfg = Release|Any CPU
		{1FD01D9F-A29A-4072-989B-41689DFC0214}.Release|Any CPU.Build.0 = Release|Any CPU
		{7F2E6172-FB5A-4C92-96FA-8D5C5BC9B70E}.Debug|Any CPU.ActiveCfg = Debug|Any CPU
		{7F2E6172-FB5A-4C92-96FA-8D5C5BC9B70E}.Debug|Any CPU.Build.0 = Debug|Any CPU
		{7F2E6172-FB5A-4C92-96FA-8D5C5BC9B70E}.Release|Any CPU.ActiveCfg = Release|Any CPU
		{7F2E6172-FB5A-4C92-96FA-8D5C5BC9B70E}.Release|Any CPU.Build.0 = Release|Any CPU
		{4B9FE3F8-A8ED-471B-93E9-7DD1AA2B6C0E}.Debug|Any CPU.ActiveCfg = Debug|Any CPU
		{4B9FE3F8-A8ED-471B-93E9-7DD1AA2B6C0E}.Debug|Any CPU.Build.0 = Debug|Any CPU
		{4B9FE3F8-A8ED-471B-93E9-7DD1AA2B6C0E}.Release|Any CPU.ActiveCfg = Release|Any CPU
		{4B9FE3F8-A8ED-471B-93E9-7DD1AA2B6C0E}.Release|Any CPU.Build.0 = Release|Any CPU
		{C9C5251D-00E7-4F78-B9A4-A8F87864B28C}.Debug|Any CPU.ActiveCfg = Debug|Any CPU
		{C9C5251D-00E7-4F78-B9A4-A8F87864B28C}.Debug|Any CPU.Build.0 = Debug|Any CPU
		{C9C5251D-00E7-4F78-B9A4-A8F87864B28C}.Release|Any CPU.ActiveCfg = Release|Any CPU
		{C9C5251D-00E7-4F78-B9A4-A8F87864B28C}.Release|Any CPU.Build.0 = Release|Any CPU
		{FEF800F2-A84C-4822-97C2-91127D40B194}.Debug|Any CPU.ActiveCfg = Debug|Any CPU
		{FEF800F2-A84C-4822-97C2-91127D40B194}.Debug|Any CPU.Build.0 = Debug|Any CPU
		{FEF800F2-A84C-4822-97C2-91127D40B194}.Release|Any CPU.ActiveCfg = Release|Any CPU
		{FEF800F2-A84C-4822-97C2-91127D40B194}.Release|Any CPU.Build.0 = Release|Any CPU
		{7D8F1465-FE87-4725-9A2C-AEDA79C8E843}.Debug|Any CPU.ActiveCfg = Debug|Any CPU
		{7D8F1465-FE87-4725-9A2C-AEDA79C8E843}.Debug|Any CPU.Build.0 = Debug|Any CPU
		{7D8F1465-FE87-4725-9A2C-AEDA79C8E843}.Release|Any CPU.ActiveCfg = Release|Any CPU
		{7D8F1465-FE87-4725-9A2C-AEDA79C8E843}.Release|Any CPU.Build.0 = Release|Any CPU
		{D9D9D9D7-F73D-459A-9067-909E07BA43EC}.Debug|Any CPU.ActiveCfg = Debug|Any CPU
		{D9D9D9D7-F73D-459A-9067-909E07BA43EC}.Debug|Any CPU.Build.0 = Debug|Any CPU
		{D9D9D9D7-F73D-459A-9067-909E07BA43EC}.Release|Any CPU.ActiveCfg = Release|Any CPU
		{D9D9D9D7-F73D-459A-9067-909E07BA43EC}.Release|Any CPU.Build.0 = Release|Any CPU
		{99F89B8C-43BF-4796-B484-17F91EC08077}.Debug|Any CPU.ActiveCfg = Debug|Any CPU
		{99F89B8C-43BF-4796-B484-17F91EC08077}.Debug|Any CPU.Build.0 = Debug|Any CPU
		{99F89B8C-43BF-4796-B484-17F91EC08077}.Release|Any CPU.ActiveCfg = Release|Any CPU
		{99F89B8C-43BF-4796-B484-17F91EC08077}.Release|Any CPU.Build.0 = Release|Any CPU
		{E9CC3199-497F-4FAC-896C-EC732C09CC38}.Debug|Any CPU.ActiveCfg = Debug|Any CPU
		{E9CC3199-497F-4FAC-896C-EC732C09CC38}.Debug|Any CPU.Build.0 = Debug|Any CPU
		{E9CC3199-497F-4FAC-896C-EC732C09CC38}.Release|Any CPU.ActiveCfg = Release|Any CPU
		{E9CC3199-497F-4FAC-896C-EC732C09CC38}.Release|Any CPU.Build.0 = Release|Any CPU
		{76D213F9-72F7-4B26-A468-96CAB5345119}.Debug|Any CPU.ActiveCfg = Debug|Any CPU
		{76D213F9-72F7-4B26-A468-96CAB5345119}.Debug|Any CPU.Build.0 = Debug|Any CPU
		{76D213F9-72F7-4B26-A468-96CAB5345119}.Release|Any CPU.ActiveCfg = Release|Any CPU
		{76D213F9-72F7-4B26-A468-96CAB5345119}.Release|Any CPU.Build.0 = Release|Any CPU
		{69B1924A-F759-49AD-95B2-688CF026094C}.Debug|Any CPU.ActiveCfg = Debug|Any CPU
		{69B1924A-F759-49AD-95B2-688CF026094C}.Debug|Any CPU.Build.0 = Debug|Any CPU
		{69B1924A-F759-49AD-95B2-688CF026094C}.Release|Any CPU.ActiveCfg = Release|Any CPU
		{69B1924A-F759-49AD-95B2-688CF026094C}.Release|Any CPU.Build.0 = Release|Any CPU
		{316A3E54-365C-4BD1-B9AB-01DB7158C01A}.Debug|Any CPU.ActiveCfg = Debug|Any CPU
		{316A3E54-365C-4BD1-B9AB-01DB7158C01A}.Debug|Any CPU.Build.0 = Debug|Any CPU
		{316A3E54-365C-4BD1-B9AB-01DB7158C01A}.Release|Any CPU.ActiveCfg = Release|Any CPU
		{316A3E54-365C-4BD1-B9AB-01DB7158C01A}.Release|Any CPU.Build.0 = Release|Any CPU
		{5EB47989-2656-4684-84A9-8935D7B99A8D}.Debug|Any CPU.ActiveCfg = Debug|Any CPU
		{5EB47989-2656-4684-84A9-8935D7B99A8D}.Debug|Any CPU.Build.0 = Debug|Any CPU
		{5EB47989-2656-4684-84A9-8935D7B99A8D}.Release|Any CPU.ActiveCfg = Release|Any CPU
		{5EB47989-2656-4684-84A9-8935D7B99A8D}.Release|Any CPU.Build.0 = Release|Any CPU
		{7E2D701E-D823-42D2-9CC3-26E0914D22B5}.Debug|Any CPU.ActiveCfg = Debug|Any CPU
		{7E2D701E-D823-42D2-9CC3-26E0914D22B5}.Debug|Any CPU.Build.0 = Debug|Any CPU
		{7E2D701E-D823-42D2-9CC3-26E0914D22B5}.Release|Any CPU.ActiveCfg = Release|Any CPU
		{7E2D701E-D823-42D2-9CC3-26E0914D22B5}.Release|Any CPU.Build.0 = Release|Any CPU
		{F659F42D-241D-49B3-9DA4-340086E64C0E}.Debug|Any CPU.ActiveCfg = Debug|Any CPU
		{F659F42D-241D-49B3-9DA4-340086E64C0E}.Debug|Any CPU.Build.0 = Debug|Any CPU
		{F659F42D-241D-49B3-9DA4-340086E64C0E}.Release|Any CPU.ActiveCfg = Release|Any CPU
		{F659F42D-241D-49B3-9DA4-340086E64C0E}.Release|Any CPU.Build.0 = Release|Any CPU
		{3AB30260-EE68-4ACE-8577-9F4CECDDEAFC}.Debug|Any CPU.ActiveCfg = Debug|Any CPU
		{3AB30260-EE68-4ACE-8577-9F4CECDDEAFC}.Debug|Any CPU.Build.0 = Debug|Any CPU
		{3AB30260-EE68-4ACE-8577-9F4CECDDEAFC}.Release|Any CPU.ActiveCfg = Release|Any CPU
		{3AB30260-EE68-4ACE-8577-9F4CECDDEAFC}.Release|Any CPU.Build.0 = Release|Any CPU
		{161D21ED-F215-4F49-8273-4E72CD434A3D}.Debug|Any CPU.ActiveCfg = Debug|Any CPU
		{161D21ED-F215-4F49-8273-4E72CD434A3D}.Debug|Any CPU.Build.0 = Debug|Any CPU
		{161D21ED-F215-4F49-8273-4E72CD434A3D}.Release|Any CPU.ActiveCfg = Release|Any CPU
		{161D21ED-F215-4F49-8273-4E72CD434A3D}.Release|Any CPU.Build.0 = Release|Any CPU
		{2AA06032-EFE6-4F8E-BF37-2A9CFCF0268F}.Debug|Any CPU.ActiveCfg = Debug|Any CPU
		{2AA06032-EFE6-4F8E-BF37-2A9CFCF0268F}.Debug|Any CPU.Build.0 = Debug|Any CPU
		{2AA06032-EFE6-4F8E-BF37-2A9CFCF0268F}.Release|Any CPU.ActiveCfg = Release|Any CPU
		{2AA06032-EFE6-4F8E-BF37-2A9CFCF0268F}.Release|Any CPU.Build.0 = Release|Any CPU
		{77526973-BA44-412F-BDAF-BF86BDE58F5F}.Debug|Any CPU.ActiveCfg = Debug|Any CPU
		{77526973-BA44-412F-BDAF-BF86BDE58F5F}.Debug|Any CPU.Build.0 = Debug|Any CPU
		{77526973-BA44-412F-BDAF-BF86BDE58F5F}.Release|Any CPU.ActiveCfg = Release|Any CPU
		{77526973-BA44-412F-BDAF-BF86BDE58F5F}.Release|Any CPU.Build.0 = Release|Any CPU
		{78F922E7-1238-4DE8-9BCF-6D09B069F810}.Debug|Any CPU.ActiveCfg = Debug|Any CPU
		{78F922E7-1238-4DE8-9BCF-6D09B069F810}.Debug|Any CPU.Build.0 = Debug|Any CPU
		{78F922E7-1238-4DE8-9BCF-6D09B069F810}.Release|Any CPU.ActiveCfg = Release|Any CPU
		{78F922E7-1238-4DE8-9BCF-6D09B069F810}.Release|Any CPU.Build.0 = Release|Any CPU
		{C7FB00D4-23F1-4F6A-A8C0-E58346F272DE}.Debug|Any CPU.ActiveCfg = Debug|Any CPU
		{C7FB00D4-23F1-4F6A-A8C0-E58346F272DE}.Debug|Any CPU.Build.0 = Debug|Any CPU
		{C7FB00D4-23F1-4F6A-A8C0-E58346F272DE}.Release|Any CPU.ActiveCfg = Release|Any CPU
		{C7FB00D4-23F1-4F6A-A8C0-E58346F272DE}.Release|Any CPU.Build.0 = Release|Any CPU
		{5DCD0666-5AC9-462F-99BD-5E8E95E4B749}.Debug|Any CPU.ActiveCfg = Debug|Any CPU
		{5DCD0666-5AC9-462F-99BD-5E8E95E4B749}.Debug|Any CPU.Build.0 = Debug|Any CPU
		{5DCD0666-5AC9-462F-99BD-5E8E95E4B749}.Release|Any CPU.ActiveCfg = Release|Any CPU
		{5DCD0666-5AC9-462F-99BD-5E8E95E4B749}.Release|Any CPU.Build.0 = Release|Any CPU
		{F8609197-D5B0-42CC-890E-921CAAA1589E}.Debug|Any CPU.ActiveCfg = Debug|Any CPU
		{F8609197-D5B0-42CC-890E-921CAAA1589E}.Debug|Any CPU.Build.0 = Debug|Any CPU
		{F8609197-D5B0-42CC-890E-921CAAA1589E}.Release|Any CPU.ActiveCfg = Release|Any CPU
		{F8609197-D5B0-42CC-890E-921CAAA1589E}.Release|Any CPU.Build.0 = Release|Any CPU
	EndGlobalSection
	GlobalSection(SolutionProperties) = preSolution
		HideSolutionNode = FALSE
	EndGlobalSection
	GlobalSection(NestedProjects) = preSolution
		{7A09A089-18F5-42E3-B069-9F0BBC97E0C4} = {C8504091-0607-4391-87D7-A46837EB04A5}
		{858ED1E5-0969-4BBB-812D-310C136B801D} = {C8504091-0607-4391-87D7-A46837EB04A5}
		{9DB0DC17-BA58-493A-B1A4-832AB56CA09D} = {776C2E80-958B-4C0D-BCC4-67D39DB4570B}
		{4ED5A942-B170-4D1F-9288-2394CA708576} = {776C2E80-958B-4C0D-BCC4-67D39DB4570B}
		{725F4B11-9275-4966-AD46-383021EEC152} = {776C2E80-958B-4C0D-BCC4-67D39DB4570B}
		{B5C69B45-658C-431D-9D0D-C9D2D098248A} = {776C2E80-958B-4C0D-BCC4-67D39DB4570B}
		{2F052465-A58D-4670-8600-24CCB2F220A5} = {776C2E80-958B-4C0D-BCC4-67D39DB4570B}
		{8BC71128-1FC5-4126-9582-41223E96C2CA} = {A4CB6D96-6357-40DC-B198-50568A7E45C7}
		{C21CBF59-9884-436C-8A24-0248F8598979} = {776C2E80-958B-4C0D-BCC4-67D39DB4570B}
		{10ED0146-1701-4BC9-9E26-824B22D18CB8} = {776C2E80-958B-4C0D-BCC4-67D39DB4570B}
		{8D181EED-3FF7-4CC0-9C85-331EF20B7688} = {A4CB6D96-6357-40DC-B198-50568A7E45C7}
		{16D5609D-3684-43F6-BDF4-777217EFAC58} = {776C2E80-958B-4C0D-BCC4-67D39DB4570B}
		{E36E289A-5EDB-4A7F-83A8-E67B7A5019F2} = {776C2E80-958B-4C0D-BCC4-67D39DB4570B}
		{A888C56E-721D-496A-91FE-EFF983650D77} = {776C2E80-958B-4C0D-BCC4-67D39DB4570B}
		{257E7720-0AE3-49E3-AB13-EB84FF4D06FA} = {776C2E80-958B-4C0D-BCC4-67D39DB4570B}
		{A935E4D3-142C-4BBB-BD85-C8A475E7D747} = {776C2E80-958B-4C0D-BCC4-67D39DB4570B}
		{1CB31B41-198B-497F-987F-5D4B480E6484} = {776C2E80-958B-4C0D-BCC4-67D39DB4570B}
		{8192478D-1A69-4368-B428-723E136424CA} = {776C2E80-958B-4C0D-BCC4-67D39DB4570B}
		{F4BC8AA0-C73E-41D6-AB6B-ED7E4B27B9CD} = {776C2E80-958B-4C0D-BCC4-67D39DB4570B}
		{3A522370-0616-4D92-ADAD-B8229E94AA4D} = {776C2E80-958B-4C0D-BCC4-67D39DB4570B}
		{76155EDB-0018-432A-A766-EF69348961A0} = {776C2E80-958B-4C0D-BCC4-67D39DB4570B}
		{85E2BB42-14BD-4D26-8CAB-22AB809088AA} = {776C2E80-958B-4C0D-BCC4-67D39DB4570B}
		{17AFCC2E-0978-4C3A-9BC5-9512C31F446F} = {776C2E80-958B-4C0D-BCC4-67D39DB4570B}
		{2A3062DC-ADC7-4A2B-A90E-B66CE2696296} = {776C2E80-958B-4C0D-BCC4-67D39DB4570B}
		{A0B08DCD-098B-41C0-92C8-3F5FF2617CFE} = {776C2E80-958B-4C0D-BCC4-67D39DB4570B}
		{8E724984-797A-4A8B-B84A-73C81A51C580} = {776C2E80-958B-4C0D-BCC4-67D39DB4570B}
		{1FD01D9F-A29A-4072-989B-41689DFC0214} = {776C2E80-958B-4C0D-BCC4-67D39DB4570B}
		{7F2E6172-FB5A-4C92-96FA-8D5C5BC9B70E} = {776C2E80-958B-4C0D-BCC4-67D39DB4570B}
		{4B9FE3F8-A8ED-471B-93E9-7DD1AA2B6C0E} = {776C2E80-958B-4C0D-BCC4-67D39DB4570B}
		{C9C5251D-00E7-4F78-B9A4-A8F87864B28C} = {776C2E80-958B-4C0D-BCC4-67D39DB4570B}
		{FEF800F2-A84C-4822-97C2-91127D40B194} = {776C2E80-958B-4C0D-BCC4-67D39DB4570B}
		{7D8F1465-FE87-4725-9A2C-AEDA79C8E843} = {776C2E80-958B-4C0D-BCC4-67D39DB4570B}
		{D9D9D9D7-F73D-459A-9067-909E07BA43EC} = {776C2E80-958B-4C0D-BCC4-67D39DB4570B}
		{99F89B8C-43BF-4796-B484-17F91EC08077} = {A4CB6D96-6357-40DC-B198-50568A7E45C7}
		{E9CC3199-497F-4FAC-896C-EC732C09CC38} = {A4CB6D96-6357-40DC-B198-50568A7E45C7}
		{76D213F9-72F7-4B26-A468-96CAB5345119} = {A4CB6D96-6357-40DC-B198-50568A7E45C7}
		{69B1924A-F759-49AD-95B2-688CF026094C} = {C8504091-0607-4391-87D7-A46837EB04A5}
		{316A3E54-365C-4BD1-B9AB-01DB7158C01A} = {C8504091-0607-4391-87D7-A46837EB04A5}
		{5EB47989-2656-4684-84A9-8935D7B99A8D} = {776C2E80-958B-4C0D-BCC4-67D39DB4570B}
		{7E2D701E-D823-42D2-9CC3-26E0914D22B5} = {776C2E80-958B-4C0D-BCC4-67D39DB4570B}
		{F659F42D-241D-49B3-9DA4-340086E64C0E} = {776C2E80-958B-4C0D-BCC4-67D39DB4570B}
		{3AB30260-EE68-4ACE-8577-9F4CECDDEAFC} = {776C2E80-958B-4C0D-BCC4-67D39DB4570B}
		{161D21ED-F215-4F49-8273-4E72CD434A3D} = {776C2E80-958B-4C0D-BCC4-67D39DB4570B}
		{2AA06032-EFE6-4F8E-BF37-2A9CFCF0268F} = {776C2E80-958B-4C0D-BCC4-67D39DB4570B}
		{77526973-BA44-412F-BDAF-BF86BDE58F5F} = {776C2E80-958B-4C0D-BCC4-67D39DB4570B}
		{78F922E7-1238-4DE8-9BCF-6D09B069F810} = {776C2E80-958B-4C0D-BCC4-67D39DB4570B}
		{C7FB00D4-23F1-4F6A-A8C0-E58346F272DE} = {776C2E80-958B-4C0D-BCC4-67D39DB4570B}
		{5DCD0666-5AC9-462F-99BD-5E8E95E4B749} = {776C2E80-958B-4C0D-BCC4-67D39DB4570B}
		{F8609197-D5B0-42CC-890E-921CAAA1589E} = {776C2E80-958B-4C0D-BCC4-67D39DB4570B}
		{98C52074-7693-48D4-B0A9-48920EEEDA24} = {776C2E80-958B-4C0D-BCC4-67D39DB4570B}
	EndGlobalSection
	GlobalSection(ExtensibilityGlobals) = postSolution
		SolutionGuid = {0972F03C-E4DF-483A-B767-9216F4434F11}
	EndGlobalSection
EndGlobal
